<?xml version="1.0" encoding="utf-8"?>
<Project ToolsVersion="4.0" xmlns="http://schemas.microsoft.com/developer/msbuild/2003">
  <ItemGroup>
    <Filter Include="Source Files">
      <UniqueIdentifier>{4FC737F1-C7A5-4376-A066-2A32D752A2FF}</UniqueIdentifier>
      <Extensions>cpp;c;cc;cxx;def;odl;idl;hpj;bat;asm;asmx</Extensions>
    </Filter>
    <Filter Include="Header Files">
      <UniqueIdentifier>{93995380-89BD-4b04-88EB-625FBE52EBFB}</UniqueIdentifier>
      <Extensions>h;hpp;hxx;hm;inl;inc;xsd</Extensions>
    </Filter>
    <Filter Include="Resource Files">
      <UniqueIdentifier>{67DA6AB6-F800-4c08-8B7A-83BB121AAD01}</UniqueIdentifier>
      <Extensions>rc;ico;cur;bmp;dlg;rc2;rct;bin;rgs;gif;jpg;jpeg;jpe;resx;tiff;tif;png;wav</Extensions>
    </Filter>
    <Filter Include="Source Files\patchers">
      <UniqueIdentifier>{b7b2a450-2dd2-409d-830b-d32ef93ff344}</UniqueIdentifier>
    </Filter>
    <Filter Include="Header Files\patchers">
      <UniqueIdentifier>{b7e0b2a8-0e8c-42d6-aca8-64dbc9b16cbe}</UniqueIdentifier>
    </Filter>
  </ItemGroup>
  <ItemGroup>
    <ClCompile Include="codestream.cpp">
      <Filter>Source Files</Filter>
    </ClCompile>
    <ClCompile Include="mach-o.cpp">
      <Filter>Source Files</Filter>
    </ClCompile>
    <ClCompile Include="mod_env.cpp">
      <Filter>Source Files</Filter>
    </ClCompile>
    <ClCompile Include="op.cpp">
      <Filter>Source Files</Filter>
    </ClCompile>
    <ClCompile Include="tinyxml2.cpp">
      <Filter>Source Files</Filter>
    </ClCompile>
    <ClCompile Include="patch_handler.cpp">
      <Filter>Source Files</Filter>
    </ClCompile>
    <ClCompile Include="patchers\code_handle.cpp">
      <Filter>Source Files\patchers</Filter>
    </ClCompile>
  </ItemGroup>
  <ItemGroup>
    <ClInclude Include="arm_code.h">
      <Filter>Header Files</Filter>
    </ClInclude>
    <ClInclude Include="mach-o.h">
      <Filter>Header Files</Filter>
    </ClInclude>
    <ClInclude Include="op.h">
      <Filter>Header Files</Filter>
    </ClInclude>
    <ClInclude Include="tinyxml2.h">
      <Filter>Header Files</Filter>
    </ClInclude>
    <ClInclude Include="mach-o\fat.h">
      <Filter>Header Files</Filter>
    </ClInclude>
    <ClInclude Include="mach-o\loader.h">
      <Filter>Header Files</Filter>
    </ClInclude>
    <ClInclude Include="mach-o\nlist.h">
      <Filter>Header Files</Filter>
    </ClInclude>
    <ClInclude Include="patchers\recognition_handle.h">
      <Filter>Header Files\patchers</Filter>
    </ClInclude>
    <ClInclude Include="patchers\code_handle.h">
      <Filter>Header Files\patchers</Filter>
    </ClInclude>
  </ItemGroup>
</Project>